
Microsoft Visual Studio Solution File, Format Version 12.00
# Visual Studio Version 16
VisualStudioVersion = 16.0.30225.117
MinimumVisualStudioVersion = 10.0.40219.1
Project("{9A19103F-16F7-4668-BE54-9A1E7A4F7556}") = "UserCollection", "UserCollection\UserCollection.csproj", "{DF34310B-31AB-4C74-BA97-614A6E1B4361}"
EndProject
Project("{FAE04EC0-301F-11D3-BF4B-00C04F79EFBC}") = "UserCollection2", "UserCollection2\UserCollection2.csproj", "{A414AE94-C03E-4DC8-B8F1-836CF1BD4C97}"
EndProject
Global
	GlobalSection(SolutionConfigurationPlatforms) = preSolution
		Debug|Any CPU = Debug|Any CPU
		Release|Any CPU = Release|Any CPU
	EndGlobalSection
	GlobalSection(ProjectConfigurationPlatforms) = postSolution
		{DF34310B-31AB-4C74-BA97-614A6E1B4361}.Debug|Any CPU.ActiveCfg = Debug|Any CPU
		{DF34310B-31AB-4C74-BA97-614A6E1B4361}.Debug|Any CPU.Build.0 = Debug|Any CPU
		{DF34310B-31AB-4C74-BA97-614A6E1B4361}.Release|Any CPU.ActiveCfg = Release|Any CPU
		{DF34310B-31AB-4C74-BA97-614A6E1B4361}.Release|Any CPU.Build.0 = Release|Any CPU
		{A414AE94-C03E-4DC8-B8F1-836CF1BD4C97}.Debug|Any CPU.ActiveCfg = Debug|Any CPU
		{A414AE94-C03E-4DC8-B8F1-836CF1BD4C97}.Debug|Any CPU.Build.0 = Debug|Any CPU
		{A414AE94-C03E-4DC8-B8F1-836CF1BD4C97}.Release|Any CPU.ActiveCfg = Release|Any CPU
		{A414AE94-C03E-4DC8-B8F1-836CF1BD4C97}.Release|Any CPU.Build.0 = Release|Any CPU
	EndGlobalSection
	GlobalSection(SolutionProperties) = preSolution
		HideSolutionNode = FALSE
	EndGlobalSection
	GlobalSection(ExtensibilityGlobals) = postSolution
		SolutionGuid = {88ED6201-1142-4321-A769-D4E82AB91A39}
	EndGlobalSection
EndGlobal
