
Microsoft Visual Studio Solution File, Format Version 12.00
# Visual Studio Version 16
VisualStudioVersion = 16.0.30907.101
MinimumVisualStudioVersion = 10.0.40219.1
Project("{FAE04EC0-301F-11D3-BF4B-00C04F79EFBC}") = "delegates", "delegates\delegates.csproj", "{09A23EF6-DDA2-435C-8D5E-3EF6068D6E78}"
EndProject
Project("{FAE04EC0-301F-11D3-BF4B-00C04F79EFBC}") = "events", "events\events.csproj", "{F5698A3D-F662-411C-8918-4DD1AAEE5D0A}"
EndProject
Global
	GlobalSection(SolutionConfigurationPlatforms) = preSolution
		Debug|Any CPU = Debug|Any CPU
		Release|Any CPU = Release|Any CPU
	EndGlobalSection
	GlobalSection(ProjectConfigurationPlatforms) = postSolution
		{09A23EF6-DDA2-435C-8D5E-3EF6068D6E78}.Debug|Any CPU.ActiveCfg = Debug|Any CPU
		{09A23EF6-DDA2-435C-8D5E-3EF6068D6E78}.Debug|Any CPU.Build.0 = Debug|Any CPU
		{09A23EF6-DDA2-435C-8D5E-3EF6068D6E78}.Release|Any CPU.ActiveCfg = Release|Any CPU
		{09A23EF6-DDA2-435C-8D5E-3EF6068D6E78}.Release|Any CPU.Build.0 = Release|Any CPU
		{F5698A3D-F662-411C-8918-4DD1AAEE5D0A}.Debug|Any CPU.ActiveCfg = Debug|Any CPU
		{F5698A3D-F662-411C-8918-4DD1AAEE5D0A}.Debug|Any CPU.Build.0 = Debug|Any CPU
		{F5698A3D-F662-411C-8918-4DD1AAEE5D0A}.Release|Any CPU.ActiveCfg = Release|Any CPU
		{F5698A3D-F662-411C-8918-4DD1AAEE5D0A}.Release|Any CPU.Build.0 = Release|Any CPU
	EndGlobalSection
	GlobalSection(SolutionProperties) = preSolution
		HideSolutionNode = FALSE
	EndGlobalSection
	GlobalSection(ExtensibilityGlobals) = postSolution
		SolutionGuid = {3BEB05BE-BF83-4588-83FE-BF79A6DF8DBC}
	EndGlobalSection
EndGlobal
